
Microsoft Visual Studio Solution File, Format Version 12.00
# Visual Studio Version 16
VisualStudioVersion = 16.0.30225.117
MinimumVisualStudioVersion = 15.0.26124.0
Project("{9A19103F-16F7-4668-BE54-9A1E7A4F7556}") = "Gtk.NodeGraph", "Gtk.NodeGraph\Gtk.NodeGraph.csproj", "{A960D4D5-E3CC-4E80-83AA-7E547BB0436A}"
EndProject
Project("{2150E333-8FDC-42A3-9474-1A3956D46DE8}") = "Samples", "Samples", "{8B827BE1-F3D1-4379-864E-FC55E834E9FD}"
EndProject
Project("{9A19103F-16F7-4668-BE54-9A1E7A4F7556}") = "Calculator", "Samples\Calculator\Calculator.csproj", "{53949BB0-3991-42C7-BF12-8FCFED263B63}"
EndProject
Global
	GlobalSection(SolutionConfigurationPlatforms) = preSolution
		Debug|Any CPU = Debug|Any CPU
		Debug|x64 = Debug|x64
		Debug|x86 = Debug|x86
		Release|Any CPU = Release|Any CPU
		Release|x64 = Release|x64
		Release|x86 = Release|x86
	EndGlobalSection
	GlobalSection(ProjectConfigurationPlatforms) = postSolution
		{A960D4D5-E3CC-4E80-83AA-7E547BB0436A}.Debug|Any CPU.ActiveCfg = Debug|Any CPU
		{A960D4D5-E3CC-4E80-83AA-7E547BB0436A}.Debug|Any CPU.Build.0 = Debug|Any CPU
		{A960D4D5-E3CC-4E80-83AA-7E547BB0436A}.Debug|x64.ActiveCfg = Debug|Any CPU
		{A960D4D5-E3CC-4E80-83AA-7E547BB0436A}.Debug|x64.Build.0 = Debug|Any CPU
		{A960D4D5-E3CC-4E80-83AA-7E547BB0436A}.Debug|x86.ActiveCfg = Debug|Any CPU
		{A960D4D5-E3CC-4E80-83AA-7E547BB0436A}.Debug|x86.Build.0 = Debug|Any CPU
		{A960D4D5-E3CC-4E80-83AA-7E547BB0436A}.Release|Any CPU.ActiveCfg = Release|Any CPU
		{A960D4D5-E3CC-4E80-83AA-7E547BB0436A}.Release|Any CPU.Build.0 = Release|Any CPU
		{A960D4D5-E3CC-4E80-83AA-7E547BB0436A}.Release|x64.ActiveCfg = Release|Any CPU
		{A960D4D5-E3CC-4E80-83AA-7E547BB0436A}.Release|x64.Build.0 = Release|Any CPU
		{A960D4D5-E3CC-4E80-83AA-7E547BB0436A}.Release|x86.ActiveCfg = Release|Any CPU
		{A960D4D5-E3CC-4E80-83AA-7E547BB0436A}.Release|x86.Build.0 = Release|Any CPU
		{53949BB0-3991-42C7-BF12-8FCFED263B63}.Debug|Any CPU.ActiveCfg = Debug|Any CPU
		{53949BB0-3991-42C7-BF12-8FCFED263B63}.Debug|Any CPU.Build.0 = Debug|Any CPU
		{53949BB0-3991-42C7-BF12-8FCFED263B63}.Debug|x64.ActiveCfg = Debug|Any CPU
		{53949BB0-3991-42C7-BF12-8FCFED263B63}.Debug|x64.Build.0 = Debug|Any CPU
		{53949BB0-3991-42C7-BF12-8FCFED263B63}.Debug|x86.ActiveCfg = Debug|Any CPU
		{53949BB0-3991-42C7-BF12-8FCFED263B63}.Debug|x86.Build.0 = Debug|Any CPU
		{53949BB0-3991-42C7-BF12-8FCFED263B63}.Release|Any CPU.ActiveCfg = Release|Any CPU
		{53949BB0-3991-42C7-BF12-8FCFED263B63}.Release|Any CPU.Build.0 = Release|Any CPU
		{53949BB0-3991-42C7-BF12-8FCFED263B63}.Release|x64.ActiveCfg = Release|Any CPU
		{53949BB0-3991-42C7-BF12-8FCFED263B63}.Release|x64.Build.0 = Release|Any CPU
		{53949BB0-3991-42C7-BF12-8FCFED263B63}.Release|x86.ActiveCfg = Release|Any CPU
		{53949BB0-3991-42C7-BF12-8FCFED263B63}.Release|x86.Build.0 = Release|Any CPU
	EndGlobalSection
	GlobalSection(SolutionProperties) = preSolution
		HideSolutionNode = FALSE
	EndGlobalSection
	GlobalSection(NestedProjects) = preSolution
		{53949BB0-3991-42C7-BF12-8FCFED263B63} = {8B827BE1-F3D1-4379-864E-FC55E834E9FD}
	EndGlobalSection
	GlobalSection(ExtensibilityGlobals) = postSolution
		SolutionGuid = {D098BF70-3AF5-4778-841E-CF6183C9AAFD}
	EndGlobalSection
EndGlobal
